
Microsoft Visual Studio Solution File, Format Version 12.00
# Visual Studio Version 17
VisualStudioVersion = 17.3.32901.215
MinimumVisualStudioVersion = 10.0.40219.1
Project("{9A19103F-16F7-4668-BE54-9A1E7A4F7556}") = "ConsoleView", "RaceSim\ConsoleView.csproj", "{C2F04028-8265-4447-9C46-4CABF75C3063}"
EndProject
Project("{9A19103F-16F7-4668-BE54-9A1E7A4F7556}") = "Model", "Model\Model.csproj", "{1CABEB47-CB72-4FA8-84D8-08F2360AFE57}"
EndProject
Project("{9A19103F-16F7-4668-BE54-9A1E7A4F7556}") = "Controller", "Controller\Controller.csproj", "{6E4DFC92-9354-4C89-9982-DEB8842E3BD4}"
EndProject
Project("{9A19103F-16F7-4668-BE54-9A1E7A4F7556}") = "ControllerTest", "ControllerTest\ControllerTest.csproj", "{5B8C3AA4-4FF1-4E4A-96B3-123A75D391F7}"
EndProject
Project("{FAE04EC0-301F-11D3-BF4B-00C04F79EFBC}") = "Grafische", "Grafische\Grafische.csproj", "{DBBE2577-6F0F-4858-BCF5-9E2686EDA7FD}"
EndProject
Global
	GlobalSection(SolutionConfigurationPlatforms) = preSolution
		Debug|Any CPU = Debug|Any CPU
		Release|Any CPU = Release|Any CPU
	EndGlobalSection
	GlobalSection(ProjectConfigurationPlatforms) = postSolution
		{C2F04028-8265-4447-9C46-4CABF75C3063}.Debug|Any CPU.ActiveCfg = Debug|Any CPU
		{C2F04028-8265-4447-9C46-4CABF75C3063}.Debug|Any CPU.Build.0 = Debug|Any CPU
		{C2F04028-8265-4447-9C46-4CABF75C3063}.Release|Any CPU.ActiveCfg = Release|Any CPU
		{C2F04028-8265-4447-9C46-4CABF75C3063}.Release|Any CPU.Build.0 = Release|Any CPU
		{1CABEB47-CB72-4FA8-84D8-08F2360AFE57}.Debug|Any CPU.ActiveCfg = Debug|Any CPU
		{1CABEB47-CB72-4FA8-84D8-08F2360AFE57}.Debug|Any CPU.Build.0 = Debug|Any CPU
		{1CABEB47-CB72-4FA8-84D8-08F2360AFE57}.Release|Any CPU.ActiveCfg = Release|Any CPU
		{1CABEB47-CB72-4FA8-84D8-08F2360AFE57}.Release|Any CPU.Build.0 = Release|Any CPU
		{6E4DFC92-9354-4C89-9982-DEB8842E3BD4}.Debug|Any CPU.ActiveCfg = Debug|Any CPU
		{6E4DFC92-9354-4C89-9982-DEB8842E3BD4}.Debug|Any CPU.Build.0 = Debug|Any CPU
		{6E4DFC92-9354-4C89-9982-DEB8842E3BD4}.Release|Any CPU.ActiveCfg = Release|Any CPU
		{6E4DFC92-9354-4C89-9982-DEB8842E3BD4}.Release|Any CPU.Build.0 = Release|Any CPU
		{5B8C3AA4-4FF1-4E4A-96B3-123A75D391F7}.Debug|Any CPU.ActiveCfg = Debug|Any CPU
		{5B8C3AA4-4FF1-4E4A-96B3-123A75D391F7}.Debug|Any CPU.Build.0 = Debug|Any CPU
		{5B8C3AA4-4FF1-4E4A-96B3-123A75D391F7}.Release|Any CPU.ActiveCfg = Release|Any CPU
		{5B8C3AA4-4FF1-4E4A-96B3-123A75D391F7}.Release|Any CPU.Build.0 = Release|Any CPU
		{DBBE2577-6F0F-4858-BCF5-9E2686EDA7FD}.Debug|Any CPU.ActiveCfg = Debug|Any CPU
		{DBBE2577-6F0F-4858-BCF5-9E2686EDA7FD}.Debug|Any CPU.Build.0 = Debug|Any CPU
		{DBBE2577-6F0F-4858-BCF5-9E2686EDA7FD}.Release|Any CPU.ActiveCfg = Release|Any CPU
		{DBBE2577-6F0F-4858-BCF5-9E2686EDA7FD}.Release|Any CPU.Build.0 = Release|Any CPU
	EndGlobalSection
	GlobalSection(SolutionProperties) = preSolution
		HideSolutionNode = FALSE
	EndGlobalSection
	GlobalSection(ExtensibilityGlobals) = postSolution
		SolutionGuid = {AE8D86A4-79FC-445B-851B-7EBBBFFAD31E}
	EndGlobalSection
EndGlobal
